
Microsoft Visual Studio Solution File, Format Version 12.00
# Visual Studio Version 17
VisualStudioVersion = 17.7.34031.279
MinimumVisualStudioVersion = 10.0.40219.1
Project("{FAE04EC0-301F-11D3-BF4B-00C04F79EFBC}") = "Dafi", "Dafi.csproj", "{7920F24C-F50C-444A-A4CA-74ED06977F3E}"
EndProject
Global
	GlobalSection(SolutionConfigurationPlatforms) = preSolution
		Debug|Any CPU = Debug|Any CPU
		Release|Any CPU = Release|Any CPU
	EndGlobalSection
	GlobalSection(ProjectConfigurationPlatforms) = postSolution
		{7920F24C-F50C-444A-A4CA-74ED06977F3E}.Debug|Any CPU.ActiveCfg = Debug|Any CPU
		{7920F24C-F50C-444A-A4CA-74ED06977F3E}.Debug|Any CPU.Build.0 = Debug|Any CPU
		{7920F24C-F50C-444A-A4CA-74ED06977F3E}.Release|Any CPU.ActiveCfg = Release|Any CPU
		{7920F24C-F50C-444A-A4CA-74ED06977F3E}.Release|Any CPU.Build.0 = Release|Any CPU
	EndGlobalSection
	GlobalSection(SolutionProperties) = preSolution
		HideSolutionNode = FALSE
	EndGlobalSection
	GlobalSection(ExtensibilityGlobals) = postSolution
		SolutionGuid = {62064F75-7CE3-4A3C-96C5-DD806A92D4D2}
	EndGlobalSection
EndGlobal
